// !$*UTF8*$!
{
	archiveVersion = 1;
	classes = {
	};
	objectVersion = 77;
	objects = {

/* Begin PBXBuildFile section */
		651E7C562F230146003B339A /* WidgetKit.framework in Frameworks */ = {isa = PBXBuildFile; fileRef = 651E7C242F22FB45003B339A /* WidgetKit.framework */; };
		651E7C572F230146003B339A /* SwiftUI.framework in Frameworks */ = {isa = PBXBuildFile; fileRef = 651E7C262F22FB45003B339A /* SwiftUI.framework */; };
		651E7C622F230149003B339A /* LedgerWidgetExtension.appex in Embed Foundation Extensions */ = {isa = PBXBuildFile; fileRef = 651E7C552F230146003B339A /* LedgerWidgetExtension.appex */; settings = {ATTRIBUTES = (RemoveHeadersOnCopy, ); }; };
		651E7CB72F272D52003B339A /* GoogleSignIn in Frameworks */ = {isa = PBXBuildFile; productRef = 651E7CB62F272D52003B339A /* GoogleSignIn */; };
		651E7CB92F272D52003B339A /* GoogleSignInSwift in Frameworks */ = {isa = PBXBuildFile; productRef = 651E7CB82F272D52003B339A /* GoogleSignInSwift */; };
		651E7D012F30000003B339A /* Supabase in Frameworks */ = {isa = PBXBuildFile; productRef = 651E7D032F30000203B339A /* Supabase */; };
/* End PBXBuildFile section */

/* Begin PBXContainerItemProxy section */
		651E7C022F22F660003B339A /* PBXContainerItemProxy */ = {
			isa = PBXContainerItemProxy;
			containerPortal = 651E7BEC2F22F65D003B339A /* Project object */;
			proxyType = 1;
			remoteGlobalIDString = 651E7BF32F22F65D003B339A;
			remoteInfo = ledger;
		};
		651E7C0C2F22F660003B339A /* PBXContainerItemProxy */ = {
			isa = PBXContainerItemProxy;
			containerPortal = 651E7BEC2F22F65D003B339A /* Project object */;
			proxyType = 1;
			remoteGlobalIDString = 651E7BF32F22F65D003B339A;
			remoteInfo = ledger;
		};
		651E7C602F230149003B339A /* PBXContainerItemProxy */ = {
			isa = PBXContainerItemProxy;
			containerPortal = 651E7BEC2F22F65D003B339A /* Project object */;
			proxyType = 1;
			remoteGlobalIDString = 651E7C542F230146003B339A;
			remoteInfo = LedgerWidgetExtension;
		};
/* End PBXContainerItemProxy section */

/* Begin PBXCopyFilesBuildPhase section */
		651E7C372F22FB48003B339A /* Embed Foundation Extensions */ = {
			isa = PBXCopyFilesBuildPhase;
			buildActionMask = 2147483647;
			dstPath = "";
			dstSubfolderSpec = 13;
			files = (
				651E7C622F230149003B339A /* LedgerWidgetExtension.appex in Embed Foundation Extensions */,
			);
			name = "Embed Foundation Extensions";
			runOnlyForDeploymentPostprocessing = 0;
		};
/* End PBXCopyFilesBuildPhase section */

/* Begin PBXFileReference section */
		651E7BF42F22F65D003B339A /* ledger.app */ = {isa = PBXFileReference; explicitFileType = wrapper.application; includeInIndex = 0; path = ledger.app; sourceTree = BUILT_PRODUCTS_DIR; };
		651E7C012F22F660003B339A /* ledgerTests.xctest */ = {isa = PBXFileReference; explicitFileType = wrapper.cfbundle; includeInIndex = 0; path = ledgerTests.xctest; sourceTree = BUILT_PRODUCTS_DIR; };
		651E7C0B2F22F660003B339A /* ledgerUITests.xctest */ = {isa = PBXFileReference; explicitFileType = wrapper.cfbundle; includeInIndex = 0; path = ledgerUITests.xctest; sourceTree = BUILT_PRODUCTS_DIR; };
		651E7C242F22FB45003B339A /* WidgetKit.framework */ = {isa = PBXFileReference; lastKnownFileType = wrapper.framework; name = WidgetKit.framework; path = System/Library/Frameworks/WidgetKit.framework; sourceTree = SDKROOT; };
		651E7C262F22FB45003B339A /* SwiftUI.framework */ = {isa = PBXFileReference; lastKnownFileType = wrapper.framework; name = SwiftUI.framework; path = System/Library/Frameworks/SwiftUI.framework; sourceTree = SDKROOT; };
		651E7C552F230146003B339A /* LedgerWidgetExtension.appex */ = {isa = PBXFileReference; explicitFileType = "wrapper.app-extension"; includeInIndex = 0; path = LedgerWidgetExtension.appex; sourceTree = BUILT_PRODUCTS_DIR; };
		651E7C692F2301B1003B339A /* LedgerWidgetExtension.entitlements */ = {isa = PBXFileReference; lastKnownFileType = text.plist.entitlements; path = LedgerWidgetExtension.entitlements; sourceTree = "<group>"; };
/* End PBXFileReference section */

/* Begin PBXFileSystemSynchronizedBuildFileExceptionSet section */
		651E7C632F230149003B339A /* Exceptions for "LedgerWidget" folder in "LedgerWidgetExtension" target */ = {
			isa = PBXFileSystemSynchronizedBuildFileExceptionSet;
			membershipExceptions = (
				Info.plist,
			);
			target = 651E7C542F230146003B339A /* LedgerWidgetExtension */;
		};
		651E7CB12F272C3D003B339A /* Exceptions for "ledger" folder in "ledger" target */ = {
			isa = PBXFileSystemSynchronizedBuildFileExceptionSet;
			membershipExceptions = (
				Info.plist,
			);
			target = 651E7BF32F22F65D003B339A /* ledger */;
		};
/* End PBXFileSystemSynchronizedBuildFileExceptionSet section */

/* Begin PBXFileSystemSynchronizedRootGroup section */
		651E7BF62F22F65D003B339A /* ledger */ = {
			isa = PBXFileSystemSynchronizedRootGroup;
			exceptions = (
				651E7CB12F272C3D003B339A /* Exceptions for "ledger" folder in "ledger" target */,
			);
			path = ledger;
			sourceTree = "<group>";
		};
		651E7C042F22F660003B339A /* ledgerTests */ = {
			isa = PBXFileSystemSynchronizedRootGroup;
			path = ledgerTests;
			sourceTree = "<group>";
		};
		651E7C0E2F22F660003B339A /* ledgerUITests */ = {
			isa = PBXFileSystemSynchronizedRootGroup;
			path = ledgerUITests;
			sourceTree = "<group>";
		};
		651E7C582F230146003B339A /* LedgerWidget */ = {
			isa = PBXFileSystemSynchronizedRootGroup;
			exceptions = (
				651E7C632F230149003B339A /* Exceptions for "LedgerWidget" folder in "LedgerWidgetExtension" target */,
			);
			path = LedgerWidget;
			sourceTree = "<group>";
		};
/* End PBXFileSystemSynchronizedRootGroup section */

/* Begin PBXFrameworksBuildPhase section */
		651E7BF12F22F65D003B339A /* Frameworks */ = {
			isa = PBXFrameworksBuildPhase;
			buildActionMask = 2147483647;
			files = (
				651E7CB72F272D52003B339A /* GoogleSignIn in Frameworks */,
				651E7CB92F272D52003B339A /* GoogleSignInSwift in Frameworks */,
				651E7D012F30000003B339A /* Supabase in Frameworks */,
			);
			runOnlyForDeploymentPostprocessing = 0;
		};
		651E7BFE2F22F660003B339A /* Frameworks */ = {
			isa = PBXFrameworksBuildPhase;
			buildActionMask = 2147483647;
			files = (
			);
			runOnlyForDeploymentPostprocessing = 0;
		};
		651E7C082F22F660003B339A /* Frameworks */ = {
			isa = PBXFrameworksBuildPhase;
			buildActionMask = 2147483647;
			files = (
			);
			runOnlyForDeploymentPostprocessing = 0;
		};
		651E7C522F230146003B339A /* Frameworks */ = {
			isa = PBXFrameworksBuildPhase;
			buildActionMask = 2147483647;
			files = (
				651E7C572F230146003B339A /* SwiftUI.framework in Frameworks */,
				651E7C562F230146003B339A /* WidgetKit.framework in Frameworks */,
			);
			runOnlyForDeploymentPostprocessing = 0;
		};
/* End PBXFrameworksBuildPhase section */

/* Begin PBXGroup section */
		651E7BEB2F22F65D003B339A = {
			isa = PBXGroup;
			children = (
				651E7C692F2301B1003B339A /* LedgerWidgetExtension.entitlements */,
				651E7BF62F22F65D003B339A /* ledger */,
				651E7C042F22F660003B339A /* ledgerTests */,
				651E7C0E2F22F660003B339A /* ledgerUITests */,
				651E7C582F230146003B339A /* LedgerWidget */,
				651E7C232F22FB45003B339A /* Frameworks */,
				651E7BF52F22F65D003B339A /* Products */,
			);
			sourceTree = "<group>";
		};
		651E7BF52F22F65D003B339A /* Products */ = {
			isa = PBXGroup;
			children = (
				651E7BF42F22F65D003B339A /* ledger.app */,
				651E7C012F22F660003B339A /* ledgerTests.xctest */,
				651E7C0B2F22F660003B339A /* ledgerUITests.xctest */,
				651E7C552F230146003B339A /* LedgerWidgetExtension.appex */,
			);
			name = Products;
			sourceTree = "<group>";
		};
		651E7C232F22FB45003B339A /* Frameworks */ = {
			isa = PBXGroup;
			children = (
				651E7C242F22FB45003B339A /* WidgetKit.framework */,
				651E7C262F22FB45003B339A /* SwiftUI.framework */,
			);
			name = Frameworks;
			sourceTree = "<group>";
		};
/* End PBXGroup section */

/* Begin PBXNativeTarget section */
		651E7BF32F22F65D003B339A /* ledger */ = {
			isa = PBXNativeTarget;
			buildConfigurationList = 651E7C152F22F660003B339A /* Build configuration list for PBXNativeTarget "ledger" */;
			buildPhases = (
				651E7BF02F22F65D003B339A /* Sources */,
				651E7BF12F22F65D003B339A /* Frameworks */,
				651E7BF22F22F65D003B339A /* Resources */,
				651E7C372F22FB48003B339A /* Embed Foundation Extensions */,
			);
			buildRules = (
			);
			dependencies = (
				651E7C612F230149003B339A /* PBXTargetDependency */,
			);
			fileSystemSynchronizedGroups = (
				651E7BF62F22F65D003B339A /* ledger */,
			);
			name = ledger;
			packageProductDependencies = (
				651E7CB62F272D52003B339A /* GoogleSignIn */,
				651E7CB82F272D52003B339A /* GoogleSignInSwift */,
				651E7D032F30000203B339A /* Supabase */,
			);
			productName = ledger;
			productReference = 651E7BF42F22F65D003B339A /* ledger.app */;
			productType = "com.apple.product-type.application";
		};
		651E7C002F22F660003B339A /* ledgerTests */ = {
			isa = PBXNativeTarget;
			buildConfigurationList = 651E7C182F22F660003B339A /* Build configuration list for PBXNativeTarget "ledgerTests" */;
			buildPhases = (
				651E7BFD2F22F660003B339A /* Sources */,
				651E7BFE2F22F660003B339A /* Frameworks */,
				651E7BFF2F22F660003B339A /* Resources */,
			);
			buildRules = (
			);
			dependencies = (
				651E7C032F22F660003B339A /* PBXTargetDependency */,
			);
			fileSystemSynchronizedGroups = (
				651E7C042F22F660003B339A /* ledgerTests */,
			);
			name = ledgerTests;
			packageProductDependencies = (
			);
			productName = ledgerTests;
			productReference = 651E7C012F22F660003B339A /* ledgerTests.xctest */;
			productType = "com.apple.product-type.bundle.unit-test";
		};
		651E7C0A2F22F660003B339A /* ledgerUITests */ = {
			isa = PBXNativeTarget;
			buildConfigurationList = 651E7C1B2F22F660003B339A /* Build configuration list for PBXNativeTarget "ledgerUITests" */;
			buildPhases = (
				651E7C072F22F660003B339A /* Sources */,
				651E7C082F22F660003B339A /* Frameworks */,
				651E7C092F22F660003B339A /* Resources */,
			);
			buildRules = (
			);
			dependencies = (
				651E7C0D2F22F660003B339A /* PBXTargetDependency */,
			);
			fileSystemSynchronizedGroups = (
				651E7C0E2F22F660003B339A /* ledgerUITests */,
			);
			name = ledgerUITests;
			packageProductDependencies = (
			);
			productName = ledgerUITests;
			productReference = 651E7C0B2F22F660003B339A /* ledgerUITests.xctest */;
			productType = "com.apple.product-type.bundle.ui-testing";
		};
		651E7C542F230146003B339A /* LedgerWidgetExtension */ = {
			isa = PBXNativeTarget;
			buildConfigurationList = 651E7C642F230149003B339A /* Build configuration list for PBXNativeTarget "LedgerWidgetExtension" */;
			buildPhases = (
				651E7C512F230146003B339A /* Sources */,
				651E7C522F230146003B339A /* Frameworks */,
				651E7C532F230146003B339A /* Resources */,
			);
			buildRules = (
			);
			dependencies = (
			);
			fileSystemSynchronizedGroups = (
				651E7C582F230146003B339A /* LedgerWidget */,
			);
			name = LedgerWidgetExtension;
			packageProductDependencies = (
			);
			productName = LedgerWidgetExtension;
			productReference = 651E7C552F230146003B339A /* LedgerWidgetExtension.appex */;
			productType = "com.apple.product-type.app-extension";
		};
/* End PBXNativeTarget section */

/* Begin PBXProject section */
		651E7BEC2F22F65D003B339A /* Project object */ = {
			isa = PBXProject;
			attributes = {
				BuildIndependentTargetsInParallel = 1;
				LastSwiftUpdateCheck = 2620;
				LastUpgradeCheck = 2620;
				TargetAttributes = {
					651E7BF32F22F65D003B339A = {
						CreatedOnToolsVersion = 26.2;
					};
					651E7C002F22F660003B339A = {
						CreatedOnToolsVersion = 26.2;
						TestTargetID = 651E7BF32F22F65D003B339A;
					};
					651E7C0A2F22F660003B339A = {
						CreatedOnToolsVersion = 26.2;
						TestTargetID = 651E7BF32F22F65D003B339A;
					};
					651E7C542F230146003B339A = {
						CreatedOnToolsVersion = 26.2;
					};
				};
			};
			buildConfigurationList = 651E7BEF2F22F65D003B339A /* Build configuration list for PBXProject "ledger" */;
			developmentRegion = en;
			hasScannedForEncodings = 0;
			knownRegions = (
				en,
				Base,
			);
			mainGroup = 651E7BEB2F22F65D003B339A;
			minimizedProjectReferenceProxies = 1;
			packageReferences = (
				651E7CB02F272694003B339A /* XCRemoteSwiftPackageReference "GoogleSignIn-iOS" */,
				651E7D022F30000103B339A /* XCRemoteSwiftPackageReference "supabase-swift" */,
			);
			preferredProjectObjectVersion = 77;
			productRefGroup = 651E7BF52F22F65D003B339A /* Products */;
			projectDirPath = "";
			projectRoot = "";
			targets = (
				651E7BF32F22F65D003B339A /* ledger */,
				651E7C002F22F660003B339A /* ledgerTests */,
				651E7C0A2F22F660003B339A /* ledgerUITests */,
				651E7C542F230146003B339A /* LedgerWidgetExtension */,
			);
		};
/* End PBXProject section */

/* Begin PBXResourcesBuildPhase section */
		651E7BF22F22F65D003B339A /* Resources */ = {
			isa = PBXResourcesBuildPhase;
			buildActionMask = 2147483647;
			files = (
			);
			runOnlyForDeploymentPostprocessing = 0;
		};
		651E7BFF2F22F660003B339A /* Resources */ = {
			isa = PBXResourcesBuildPhase;
			buildActionMask = 2147483647;
			files = (
			);
			runOnlyForDeploymentPostprocessing = 0;
		};
		651E7C092F22F660003B339A /* Resources */ = {
			isa = PBXResourcesBuildPhase;
			buildActionMask = 2147483647;
			files = (
			);
			runOnlyForDeploymentPostprocessing = 0;
		};
		651E7C532F230146003B339A /* Resources */ = {
			isa = PBXResourcesBuildPhase;
			buildActionMask = 2147483647;
			files = (
			);
			runOnlyForDeploymentPostprocessing = 0;
		};
/* End PBXResourcesBuildPhase section */

/* Begin PBXSourcesBuildPhase section */
		651E7BF02F22F65D003B339A /* Sources */ = {
			isa = PBXSourcesBuildPhase;
			buildActionMask = 2147483647;
			files = (
			);
			runOnlyForDeploymentPostprocessing = 0;
		};
		651E7BFD2F22F660003B339A /* Sources */ = {
			isa = PBXSourcesBuildPhase;
			buildActionMask = 2147483647;
			files = (
			);
			runOnlyForDeploymentPostprocessing = 0;
		};
		651E7C072F22F660003B339A /* Sources */ = {
			isa = PBXSourcesBuildPhase;
			buildActionMask = 2147483647;
			files = (
			);
			runOnlyForDeploymentPostprocessing = 0;
		};
		651E7C512F230146003B339A /* Sources */ = {
			isa = PBXSourcesBuildPhase;
			buildActionMask = 2147483647;
			files = (
			);
			runOnlyForDeploymentPostprocessing = 0;
		};
/* End PBXSourcesBuildPhase section */

/* Begin PBXTargetDependency section */
		651E7C032F22F660003B339A /* PBXTargetDependency */ = {
			isa = PBXTargetDependency;
			target = 651E7BF32F22F65D003B339A /* ledger */;
			targetProxy = 651E7C022F22F660003B339A /* PBXContainerItemProxy */;
		};
		651E7C0D2F22F660003B339A /* PBXTargetDependency */ = {
			isa = PBXTargetDependency;
			target = 651E7BF32F22F65D003B339A /* ledger */;
			targetProxy = 651E7C0C2F22F660003B339A /* PBXContainerItemProxy */;
		};
		651E7C612F230149003B339A /* PBXTargetDependency */ = {
			isa = PBXTargetDependency;
			target = 651E7C542F230146003B339A /* LedgerWidgetExtension */;
			targetProxy = 651E7C602F230149003B339A /* PBXContainerItemProxy */;
		};
/* End PBXTargetDependency section */

/* Begin XCBuildConfiguration section */
		651E7C132F22F660003B339A /* Debug */ = {
			isa = XCBuildConfiguration;
			buildSettings = {
				ALWAYS_SEARCH_USER_PATHS = NO;
				ASSETCATALOG_COMPILER_GENERATE_SWIFT_ASSET_SYMBOL_EXTENSIONS = YES;
				CLANG_ANALYZER_NONNULL = YES;
				CLANG_ANALYZER_NUMBER_OBJECT_CONVERSION = YES_AGGRESSIVE;
				CLANG_CXX_LANGUAGE_STANDARD = "gnu++20";
				CLANG_ENABLE_MODULES = YES;
				CLANG_ENABLE_OBJC_ARC = YES;
				CLANG_ENABLE_OBJC_WEAK = YES;
				CLANG_WARN_BLOCK_CAPTURE_AUTORELEASING = YES;
				CLANG_WARN_BOOL_CONVERSION = YES;
				CLANG_WARN_COMMA = YES;
				CLANG_WARN_CONSTANT_CONVERSION = YES;
				CLANG_WARN_DEPRECATED_OBJC_IMPLEMENTATIONS = YES;
				CLANG_WARN_DIRECT_OBJC_ISA_USAGE = YES_ERROR;
				CLANG_WARN_DOCUMENTATION_COMMENTS = YES;
				CLANG_WARN_EMPTY_BODY = YES;
				CLANG_WARN_ENUM_CONVERSION = YES;
				CLANG_WARN_INFINITE_RECURSION = YES;
				CLANG_WARN_INT_CONVERSION = YES;
				CLANG_WARN_NON_LITERAL_NULL_CONVERSION = YES;
				CLANG_WARN_OBJC_IMPLICIT_RETAIN_SELF = YES;
				CLANG_WARN_OBJC_LITERAL_CONVERSION = YES;
				CLANG_WARN_OBJC_ROOT_CLASS = YES_ERROR;
				CLANG_WARN_QUOTED_INCLUDE_IN_FRAMEWORK_HEADER = YES;
				CLANG_WARN_RANGE_LOOP_ANALYSIS = YES;
				CLANG_WARN_STRICT_PROTOTYPES = YES;
				CLANG_WARN_SUSPICIOUS_MOVE = YES;
				CLANG_WARN_UNGUARDED_AVAILABILITY = YES_AGGRESSIVE;
				CLANG_WARN_UNREACHABLE_CODE = YES;
				CLANG_WARN__DUPLICATE_METHOD_MATCH = YES;
				COPY_PHASE_STRIP = NO;
				DEBUG_INFORMATION_FORMAT = dwarf;
				DEVELOPMENT_TEAM = 64YC3N8JQH;
				ENABLE_STRICT_OBJC_MSGSEND = YES;
				ENABLE_TESTABILITY = YES;
				ENABLE_USER_SCRIPT_SANDBOXING = YES;
				GCC_C_LANGUAGE_STANDARD = gnu17;
				GCC_DYNAMIC_NO_PIC = NO;
				GCC_NO_COMMON_BLOCKS = YES;
				GCC_OPTIMIZATION_LEVEL = 0;
				GCC_PREPROCESSOR_DEFINITIONS = (
					"DEBUG=1",
					"$(inherited)",
				);
				GCC_WARN_64_TO_32_BIT_CONVERSION = YES;
				GCC_WARN_ABOUT_RETURN_TYPE = YES_ERROR;
				GCC_WARN_UNDECLARED_SELECTOR = YES;
				GCC_WARN_UNINITIALIZED_AUTOS = YES_AGGRESSIVE;
				GCC_WARN_UNUSED_FUNCTION = YES;
				GCC_WARN_UNUSED_VARIABLE = YES;
				INFOPLIST_FILE = ledger/Info.plist;
				"INFOPLIST_FILE[sdk=*]" = ledger/Info.plist;
				LOCALIZATION_PREFERS_STRING_CATALOGS = YES;
				MTL_ENABLE_DEBUG_INFO = INCLUDE_SOURCE;
				MTL_FAST_MATH = YES;
				ONLY_ACTIVE_ARCH = YES;
				SWIFT_ACTIVE_COMPILATION_CONDITIONS = "DEBUG $(inherited)";
				SWIFT_OPTIMIZATION_LEVEL = "-Onone";
			};
			name = Debug;
		};
		651E7C142F22F660003B339A /* Release */ = {
			isa = XCBuildConfiguration;
			buildSettings = {
				ALWAYS_SEARCH_USER_PATHS = NO;
				ASSETCATALOG_COMPILER_GENERATE_SWIFT_ASSET_SYMBOL_EXTENSIONS = YES;
				CLANG_ANALYZER_NONNULL = YES;
				CLANG_ANALYZER_NUMBER_OBJECT_CONVERSION = YES_AGGRESSIVE;
				CLANG_CXX_LANGUAGE_STANDARD = "gnu++20";
				CLANG_ENABLE_MODULES = YES;
				CLANG_ENABLE_OBJC_ARC = YES;
				CLANG_ENABLE_OBJC_WEAK = YES;
				CLANG_WARN_BLOCK_CAPTURE_AUTORELEASING = YES;
				CLANG_WARN_BOOL_CONVERSION = YES;
				CLANG_WARN_COMMA = YES;
				CLANG_WARN_CONSTANT_CONVERSION = YES;
				CLANG_WARN_DEPRECATED_OBJC_IMPLEMENTATIONS = YES;
				CLANG_WARN_DIRECT_OBJC_ISA_USAGE = YES_ERROR;
				CLANG_WARN_DOCUMENTATION_COMMENTS = YES;
				CLANG_WARN_EMPTY_BODY = YES;
				CLANG_WARN_ENUM_CONVERSION = YES;
				CLANG_WARN_INFINITE_RECURSION = YES;
				CLANG_WARN_INT_CONVERSION = YES;
				CLANG_WARN_NON_LITERAL_NULL_CONVERSION = YES;
				CLANG_WARN_OBJC_IMPLICIT_RETAIN_SELF = YES;
				CLANG_WARN_OBJC_LITERAL_CONVERSION = YES;
				CLANG_WARN_OBJC_ROOT_CLASS = YES_ERROR;
				CLANG_WARN_QUOTED_INCLUDE_IN_FRAMEWORK_HEADER = YES;
				CLANG_WARN_RANGE_LOOP_ANALYSIS = YES;
				CLANG_WARN_STRICT_PROTOTYPES = YES;
				CLANG_WARN_SUSPICIOUS_MOVE = YES;
				CLANG_WARN_UNGUARDED_AVAILABILITY = YES_AGGRESSIVE;
				CLANG_WARN_UNREACHABLE_CODE = YES;
				CLANG_WARN__DUPLICATE_METHOD_MATCH = YES;
				COPY_PHASE_STRIP = NO;
				DEBUG_INFORMATION_FORMAT = "dwarf-with-dsym";
				DEVELOPMENT_TEAM = 64YC3N8JQH;
				ENABLE_NS_ASSERTIONS = NO;
				ENABLE_STRICT_OBJC_MSGSEND = YES;
				ENABLE_USER_SCRIPT_SANDBOXING = YES;
				GCC_C_LANGUAGE_STANDARD = gnu17;
				GCC_NO_COMMON_BLOCKS = YES;
				GCC_WARN_64_TO_32_BIT_CONVERSION = YES;
				GCC_WARN_ABOUT_RETURN_TYPE = YES_ERROR;
				GCC_WARN_UNDECLARED_SELECTOR = YES;
				GCC_WARN_UNINITIALIZED_AUTOS = YES_AGGRESSIVE;
				GCC_WARN_UNUSED_FUNCTION = YES;
				GCC_WARN_UNUSED_VARIABLE = YES;
				INFOPLIST_FILE = ledger/Info.plist;
				"INFOPLIST_FILE[sdk=*]" = ledger/Info.plist;
				LOCALIZATION_PREFERS_STRING_CATALOGS = YES;
				MTL_ENABLE_DEBUG_INFO = NO;
				MTL_FAST_MATH = YES;
				SWIFT_COMPILATION_MODE = wholemodule;
			};
			name = Release;
		};
		651E7C162F22F660003B339A /* Debug */ = {
			isa = XCBuildConfiguration;
			buildSettings = {
				ASSETCATALOG_COMPILER_APPICON_NAME = AppIcon;
				ASSETCATALOG_COMPILER_GLOBAL_ACCENT_COLOR_NAME = AccentColor;
				CODE_SIGN_ENTITLEMENTS = ledger/ledger.entitlements;
				CODE_SIGN_STYLE = Automatic;
				CURRENT_PROJECT_VERSION = 1;
				DEVELOPMENT_TEAM = 64YC3N8JQH;
				ENABLE_APP_SANDBOX = YES;
				ENABLE_HARDENED_RUNTIME = YES;
				ENABLE_PREVIEWS = YES;
				ENABLE_USER_SELECTED_FILES = readonly;
				GENERATE_INFOPLIST_FILE = YES;
				"INFOPLIST_KEY_UIApplicationSceneManifest_Generation[sdk=iphoneos*]" = YES;
				"INFOPLIST_KEY_UIApplicationSceneManifest_Generation[sdk=iphonesimulator*]" = YES;
				"INFOPLIST_KEY_UIApplicationSupportsIndirectInputEvents[sdk=iphoneos*]" = YES;
				"INFOPLIST_KEY_UIApplicationSupportsIndirectInputEvents[sdk=iphonesimulator*]" = YES;
				"INFOPLIST_KEY_UILaunchScreen_Generation[sdk=iphoneos*]" = YES;
				"INFOPLIST_KEY_UILaunchScreen_Generation[sdk=iphonesimulator*]" = YES;
				"INFOPLIST_KEY_UIStatusBarStyle[sdk=iphoneos*]" = UIStatusBarStyleDefault;
				"INFOPLIST_KEY_UIStatusBarStyle[sdk=iphonesimulator*]" = UIStatusBarStyleDefault;
				INFOPLIST_KEY_UISupportedInterfaceOrientations_iPad = "UIInterfaceOrientationPortrait UIInterfaceOrientationPortraitUpsideDown UIInterfaceOrientationLandscapeLeft UIInterfaceOrientationLandscapeRight";
				INFOPLIST_KEY_UISupportedInterfaceOrientations_iPhone = "UIInterfaceOrientationPortrait UIInterfaceOrientationLandscapeLeft UIInterfaceOrientationLandscapeRight";
				IPHONEOS_DEPLOYMENT_TARGET = 17.0;
				LD_RUNPATH_SEARCH_PATHS = "@executable_path/Frameworks";
				"LD_RUNPATH_SEARCH_PATHS[sdk=macosx*]" = "@executable_path/../Frameworks";
				MACOSX_DEPLOYMENT_TARGET = 26.0;
				MARKETING_VERSION = 1.0;
				PRODUCT_BUNDLE_IDENTIFIER = taurai.ledger;
				PRODUCT_NAME = "$(TARGET_NAME)";
				REGISTER_APP_GROUPS = YES;
				SDKROOT = auto;
				STRING_CATALOG_GENERATE_SYMBOLS = YES;
				SUPPORTED_PLATFORMS = "iphoneos iphonesimulator macosx xros xrsimulator";
				SWIFT_APPROACHABLE_CONCURRENCY = YES;
				SWIFT_DEFAULT_ACTOR_ISOLATION = MainActor;
				SWIFT_EMIT_LOC_STRINGS = YES;
				SWIFT_UPCOMING_FEATURE_MEMBER_IMPORT_VISIBILITY = YES;
				SWIFT_VERSION = 5.0;
				TARGETED_DEVICE_FAMILY = "1,2,7";
				XROS_DEPLOYMENT_TARGET = 26.2;
			};
			name = Debug;
		};
		651E7C172F22F660003B339A /* Release */ = {
			isa = XCBuildConfiguration;
			buildSettings = {
				ASSETCATALOG_COMPILER_APPICON_NAME = AppIcon;
				ASSETCATALOG_COMPILER_GLOBAL_ACCENT_COLOR_NAME = AccentColor;
				CODE_SIGN_ENTITLEMENTS = ledger/ledger.entitlements;
				CODE_SIGN_STYLE = Automatic;
				CURRENT_PROJECT_VERSION = 1;
				DEVELOPMENT_TEAM = 64YC3N8JQH;
				ENABLE_APP_SANDBOX = YES;
				ENABLE_HARDENED_RUNTIME = YES;
				ENABLE_PREVIEWS = YES;
				ENABLE_USER_SELECTED_FILES = readonly;
				GENERATE_INFOPLIST_FILE = YES;
				"INFOPLIST_KEY_UIApplicationSceneManifest_Generation[sdk=iphoneos*]" = YES;
				"INFOPLIST_KEY_UIApplicationSceneManifest_Generation[sdk=iphonesimulator*]" = YES;
				"INFOPLIST_KEY_UIApplicationSupportsIndirectInputEvents[sdk=iphoneos*]" = YES;
				"INFOPLIST_KEY_UIApplicationSupportsIndirectInputEvents[sdk=iphonesimulator*]" = YES;
				"INFOPLIST_KEY_UILaunchScreen_Generation[sdk=iphoneos*]" = YES;
				"INFOPLIST_KEY_UILaunchScreen_Generation[sdk=iphonesimulator*]" = YES;
				"INFOPLIST_KEY_UIStatusBarStyle[sdk=iphoneos*]" = UIStatusBarStyleDefault;
				"INFOPLIST_KEY_UIStatusBarStyle[sdk=iphonesimulator*]" = UIStatusBarStyleDefault;
				INFOPLIST_KEY_UISupportedInterfaceOrientations_iPad = "UIInterfaceOrientationPortrait UIInterfaceOrientationPortraitUpsideDown UIInterfaceOrientationLandscapeLeft UIInterfaceOrientationLandscapeRight";
				INFOPLIST_KEY_UISupportedInterfaceOrientations_iPhone = "UIInterfaceOrientationPortrait UIInterfaceOrientationLandscapeLeft UIInterfaceOrientationLandscapeRight";
				IPHONEOS_DEPLOYMENT_TARGET = 17.0;
				LD_RUNPATH_SEARCH_PATHS = "@executable_path/Frameworks";
				"LD_RUNPATH_SEARCH_PATHS[sdk=macosx*]" = "@executable_path/../Frameworks";
				MACOSX_DEPLOYMENT_TARGET = 26.0;
				MARKETING_VERSION = 1.0;
				PRODUCT_BUNDLE_IDENTIFIER = taurai.ledger;
				PRODUCT_NAME = "$(TARGET_NAME)";
				REGISTER_APP_GROUPS = YES;
				SDKROOT = auto;
				STRING_CATALOG_GENERATE_SYMBOLS = YES;
				SUPPORTED_PLATFORMS = "iphoneos iphonesimulator macosx xros xrsimulator";
				SWIFT_APPROACHABLE_CONCURRENCY = YES;
				SWIFT_DEFAULT_ACTOR_ISOLATION = MainActor;
				SWIFT_EMIT_LOC_STRINGS = YES;
				SWIFT_UPCOMING_FEATURE_MEMBER_IMPORT_VISIBILITY = YES;
				SWIFT_VERSION = 5.0;
				TARGETED_DEVICE_FAMILY = "1,2,7";
				XROS_DEPLOYMENT_TARGET = 26.2;
			};
			name = Release;
		};
		651E7C192F22F660003B339A /* Debug */ = {
			isa = XCBuildConfiguration;
			buildSettings = {
				BUNDLE_LOADER = "$(TEST_HOST)";
				CODE_SIGN_STYLE = Automatic;
				CURRENT_PROJECT_VERSION = 1;
				DEVELOPMENT_TEAM = 64YC3N8JQH;
				GENERATE_INFOPLIST_FILE = YES;
				IPHONEOS_DEPLOYMENT_TARGET = 17.0;
				MACOSX_DEPLOYMENT_TARGET = 26.0;
				MARKETING_VERSION = 1.0;
				PRODUCT_BUNDLE_IDENTIFIER = taurai.ledgerTests;
				PRODUCT_NAME = "$(TARGET_NAME)";
				SDKROOT = auto;
				STRING_CATALOG_GENERATE_SYMBOLS = NO;
				SUPPORTED_PLATFORMS = "iphoneos iphonesimulator macosx xros xrsimulator";
				SWIFT_APPROACHABLE_CONCURRENCY = YES;
				SWIFT_EMIT_LOC_STRINGS = NO;
				SWIFT_UPCOMING_FEATURE_MEMBER_IMPORT_VISIBILITY = YES;
				SWIFT_VERSION = 5.0;
				TARGETED_DEVICE_FAMILY = "1,2,7";
				TEST_HOST = "$(BUILT_PRODUCTS_DIR)/ledger.app/$(BUNDLE_EXECUTABLE_FOLDER_PATH)/ledger";
				XROS_DEPLOYMENT_TARGET = 26.2;
			};
			name = Debug;
		};
		651E7C1A2F22F660003B339A /* Release */ = {
			isa = XCBuildConfiguration;
			buildSettings = {
				BUNDLE_LOADER = "$(TEST_HOST)";
				CODE_SIGN_STYLE = Automatic;
				CURRENT_PROJECT_VERSION = 1;
				DEVELOPMENT_TEAM = 64YC3N8JQH;
				GENERATE_INFOPLIST_FILE = YES;
				IPHONEOS_DEPLOYMENT_TARGET = 17.0;
				MACOSX_DEPLOYMENT_TARGET = 26.0;
				MARKETING_VERSION = 1.0;
				PRODUCT_BUNDLE_IDENTIFIER = taurai.ledgerTests;
				PRODUCT_NAME = "$(TARGET_NAME)";
				SDKROOT = auto;
				STRING_CATALOG_GENERATE_SYMBOLS = NO;
				SUPPORTED_PLATFORMS = "iphoneos iphonesimulator macosx xros xrsimulator";
				SWIFT_APPROACHABLE_CONCURRENCY = YES;
				SWIFT_EMIT_LOC_STRINGS = NO;
				SWIFT_UPCOMING_FEATURE_MEMBER_IMPORT_VISIBILITY = YES;
				SWIFT_VERSION = 5.0;
				TARGETED_DEVICE_FAMILY = "1,2,7";
				TEST_HOST = "$(BUILT_PRODUCTS_DIR)/ledger.app/$(BUNDLE_EXECUTABLE_FOLDER_PATH)/ledger";
				XROS_DEPLOYMENT_TARGET = 26.2;
			};
			name = Release;
		};
		651E7C1C2F22F660003B339A /* Debug */ = {
			isa = XCBuildConfiguration;
			buildSettings = {
				CODE_SIGN_STYLE = Automatic;
				CURRENT_PROJECT_VERSION = 1;
				DEVELOPMENT_TEAM = 64YC3N8JQH;
				GENERATE_INFOPLIST_FILE = YES;
				IPHONEOS_DEPLOYMENT_TARGET = 17.0;
				MACOSX_DEPLOYMENT_TARGET = 26.0;
				MARKETING_VERSION = 1.0;
				PRODUCT_BUNDLE_IDENTIFIER = taurai.ledgerUITests;
				PRODUCT_NAME = "$(TARGET_NAME)";
				SDKROOT = auto;
				STRING_CATALOG_GENERATE_SYMBOLS = NO;
				SUPPORTED_PLATFORMS = "iphoneos iphonesimulator macosx xros xrsimulator";
				SWIFT_APPROACHABLE_CONCURRENCY = YES;
				SWIFT_EMIT_LOC_STRINGS = NO;
				SWIFT_UPCOMING_FEATURE_MEMBER_IMPORT_VISIBILITY = YES;
				SWIFT_VERSION = 5.0;
				TARGETED_DEVICE_FAMILY = "1,2,7";
				TEST_TARGET_NAME = ledger;
				XROS_DEPLOYMENT_TARGET = 26.2;
			};
			name = Debug;
		};
		651E7C1D2F22F660003B339A /* Release */ = {
			isa = XCBuildConfiguration;
			buildSettings = {
				CODE_SIGN_STYLE = Automatic;
				CURRENT_PROJECT_VERSION = 1;
				DEVELOPMENT_TEAM = 64YC3N8JQH;
				GENERATE_INFOPLIST_FILE = YES;
				IPHONEOS_DEPLOYMENT_TARGET = 17.0;
				MACOSX_DEPLOYMENT_TARGET = 26.0;
				MARKETING_VERSION = 1.0;
				PRODUCT_BUNDLE_IDENTIFIER = taurai.ledgerUITests;
				PRODUCT_NAME = "$(TARGET_NAME)";
				SDKROOT = auto;
				STRING_CATALOG_GENERATE_SYMBOLS = NO;
				SUPPORTED_PLATFORMS = "iphoneos iphonesimulator macosx xros xrsimulator";
				SWIFT_APPROACHABLE_CONCURRENCY = YES;
				SWIFT_EMIT_LOC_STRINGS = NO;
				SWIFT_UPCOMING_FEATURE_MEMBER_IMPORT_VISIBILITY = YES;
				SWIFT_VERSION = 5.0;
				TARGETED_DEVICE_FAMILY = "1,2,7";
				TEST_TARGET_NAME = ledger;
				XROS_DEPLOYMENT_TARGET = 26.2;
			};
			name = Release;
		};
		651E7C652F230149003B339A /* Debug */ = {
			isa = XCBuildConfiguration;
			buildSettings = {
				ASSETCATALOG_COMPILER_GLOBAL_ACCENT_COLOR_NAME = AccentColor;
				ASSETCATALOG_COMPILER_WIDGET_BACKGROUND_COLOR_NAME = WidgetBackground;
				CODE_SIGN_ENTITLEMENTS = LedgerWidgetExtension.entitlements;
				CODE_SIGN_STYLE = Automatic;
				CURRENT_PROJECT_VERSION = 1;
				DEVELOPMENT_TEAM = 64YC3N8JQH;
				GENERATE_INFOPLIST_FILE = YES;
				INFOPLIST_FILE = LedgerWidget/Info.plist;
				INFOPLIST_KEY_CFBundleDisplayName = LedgerWidget;
				INFOPLIST_KEY_NSHumanReadableCopyright = "";
				IPHONEOS_DEPLOYMENT_TARGET = 17.0;
				LD_RUNPATH_SEARCH_PATHS = (
					"$(inherited)",
					"@executable_path/Frameworks",
					"@executable_path/../../Frameworks",
				);
				MARKETING_VERSION = 1.0;
				PRODUCT_BUNDLE_IDENTIFIER = taurai.ledger.LedgerWidget;
				PRODUCT_NAME = "$(TARGET_NAME)";
				SDKROOT = iphoneos;
				SKIP_INSTALL = YES;
				STRING_CATALOG_GENERATE_SYMBOLS = YES;
				SWIFT_APPROACHABLE_CONCURRENCY = YES;
				SWIFT_EMIT_LOC_STRINGS = YES;
				SWIFT_UPCOMING_FEATURE_MEMBER_IMPORT_VISIBILITY = YES;
				SWIFT_VERSION = 5.0;
				TARGETED_DEVICE_FAMILY = "1,2";
			};
			name = Debug;
		};
		651E7C662F230149003B339A /* Release */ = {
			isa = XCBuildConfiguration;
			buildSettings = {
				ASSETCATALOG_COMPILER_GLOBAL_ACCENT_COLOR_NAME = AccentColor;
				ASSETCATALOG_COMPILER_WIDGET_BACKGROUND_COLOR_NAME = WidgetBackground;
				CODE_SIGN_ENTITLEMENTS = LedgerWidgetExtension.entitlements;
				CODE_SIGN_STYLE = Automatic;
				CURRENT_PROJECT_VERSION = 1;
				DEVELOPMENT_TEAM = 64YC3N8JQH;
				GENERATE_INFOPLIST_FILE = YES;
				INFOPLIST_FILE = LedgerWidget/Info.plist;
				INFOPLIST_KEY_CFBundleDisplayName = LedgerWidget;
				INFOPLIST_KEY_NSHumanReadableCopyright = "";
				IPHONEOS_DEPLOYMENT_TARGET = 17.0;
				LD_RUNPATH_SEARCH_PATHS = (
					"$(inherited)",
					"@executable_path/Frameworks",
					"@executable_path/../../Frameworks",
				);
				MARKETING_VERSION = 1.0;
				PRODUCT_BUNDLE_IDENTIFIER = taurai.ledger.LedgerWidget;
				PRODUCT_NAME = "$(TARGET_NAME)";
				SDKROOT = iphoneos;
				SKIP_INSTALL = YES;
				STRING_CATALOG_GENERATE_SYMBOLS = YES;
				SWIFT_APPROACHABLE_CONCURRENCY = YES;
				SWIFT_EMIT_LOC_STRINGS = YES;
				SWIFT_UPCOMING_FEATURE_MEMBER_IMPORT_VISIBILITY = YES;
				SWIFT_VERSION = 5.0;
				TARGETED_DEVICE_FAMILY = "1,2";
				VALIDATE_PRODUCT = YES;
			};
			name = Release;
		};
/* End XCBuildConfiguration section */

/* Begin XCConfigurationList section */
		651E7BEF2F22F65D003B339A /* Build configuration list for PBXProject "ledger" */ = {
			isa = XCConfigurationList;
			buildConfigurations = (
				651E7C132F22F660003B339A /* Debug */,
				651E7C142F22F660003B339A /* Release */,
			);
			defaultConfigurationIsVisible = 0;
			defaultConfigurationName = Release;
		};
		651E7C152F22F660003B339A /* Build configuration list for PBXNativeTarget "ledger" */ = {
			isa = XCConfigurationList;
			buildConfigurations = (
				651E7C162F22F660003B339A /* Debug */,
				651E7C172F22F660003B339A /* Release */,
			);
			defaultConfigurationIsVisible = 0;
			defaultConfigurationName = Release;
		};
		651E7C182F22F660003B339A /* Build configuration list for PBXNativeTarget "ledgerTests" */ = {
			isa = XCConfigurationList;
			buildConfigurations = (
				651E7C192F22F660003B339A /* Debug */,
				651E7C1A2F22F660003B339A /* Release */,
			);
			defaultConfigurationIsVisible = 0;
			defaultConfigurationName = Release;
		};
		651E7C1B2F22F660003B339A /* Build configuration list for PBXNativeTarget "ledgerUITests" */ = {
			isa = XCConfigurationList;
			buildConfigurations = (
				651E7C1C2F22F660003B339A /* Debug */,
				651E7C1D2F22F660003B339A /* Release */,
			);
			defaultConfigurationIsVisible = 0;
			defaultConfigurationName = Release;
		};
		651E7C642F230149003B339A /* Build configuration list for PBXNativeTarget "LedgerWidgetExtension" */ = {
			isa = XCConfigurationList;
			buildConfigurations = (
				651E7C652F230149003B339A /* Debug */,
				651E7C662F230149003B339A /* Release */,
			);
			defaultConfigurationIsVisible = 0;
			defaultConfigurationName = Release;
		};
/* End XCConfigurationList section */

/* Begin XCRemoteSwiftPackageReference section */
		651E7CB02F272694003B339A /* XCRemoteSwiftPackageReference "GoogleSignIn-iOS" */ = {
			isa = XCRemoteSwiftPackageReference;
			repositoryURL = "https://github.com/google/GoogleSignIn-iOS";
			requirement = {
				kind = upToNextMajorVersion;
				minimumVersion = 9.1.0;
			};
		};
		651E7D022F30000103B339A /* XCRemoteSwiftPackageReference "supabase-swift" */ = {
			isa = XCRemoteSwiftPackageReference;
			repositoryURL = "https://github.com/supabase/supabase-swift";
			requirement = {
				kind = upToNextMajorVersion;
				minimumVersion = 2.0.0;
			};
		};
/* End XCRemoteSwiftPackageReference section */

/* Begin XCSwiftPackageProductDependency section */
		651E7CB62F272D52003B339A /* GoogleSignIn */ = {
			isa = XCSwiftPackageProductDependency;
			package = 651E7CB02F272694003B339A /* XCRemoteSwiftPackageReference "GoogleSignIn-iOS" */;
			productName = GoogleSignIn;
		};
		651E7CB82F272D52003B339A /* GoogleSignInSwift */ = {
			isa = XCSwiftPackageProductDependency;
			package = 651E7CB02F272694003B339A /* XCRemoteSwiftPackageReference "GoogleSignIn-iOS" */;
			productName = GoogleSignInSwift;
		};
		651E7D032F30000203B339A /* Supabase */ = {
			isa = XCSwiftPackageProductDependency;
			package = 651E7D022F30000103B339A /* XCRemoteSwiftPackageReference "supabase-swift" */;
			productName = Supabase;
		};
/* End XCSwiftPackageProductDependency section */
	};
	rootObject = 651E7BEC2F22F65D003B339A /* Project object */;
}
